lockfileVersion: '9.0'

settings:
  autoInstallPeers: true
  excludeLinksFromLockfile: false

importers:

  .:
    dependencies:
      hexo-theme-kratos-rebirth:
        specifier: 3.0.0-rc.0
        version: 3.0.0-rc.0

packages:

  hexo-theme-kratos-rebirth@3.0.0-rc.0:
    resolution: {integrity: sha512-k61WYZoCImTKf8X6z48HYWlTAnSWlqKCFtu4ckaMBNgjMC/+NVccKhzary8shnmHkPcL+zxPiSEeCtDvdVuVmQ==}

snapshots:

  hexo-theme-kratos-rebirth@3.0.0-rc.0: {}
